
Microsoft Visual Studio Solution File, Format Version 12.00
# Visual Studio 14
VisualStudioVersion = 14.0.25420.1
MinimumVisualStudioVersion = 10.0.40219.1
Project("{FAE04EC0-301F-11D3-BF4B-00C04F79EFBC}") = "SKimAssignment03", "SKimAssignment03\SKimAssignment03.csproj", "{1469F0EA-9BB5-46A1-B795-536E117CC25B}"
EndProject
Global
	GlobalSection(SolutionConfigurationPlatforms) = preSolution
		Debug|Any CPU = Debug|Any CPU
		Release|Any CPU = Release|Any CPU
	EndGlobalSection
	GlobalSection(ProjectConfigurationPlatforms) = postSolution
		{1469F0EA-9BB5-46A1-B795-536E117CC25B}.Debug|Any CPU.ActiveCfg = Debug|Any CPU
		{1469F0EA-9BB5-46A1-B795-536E117CC25B}.Debug|Any CPU.Build.0 = Debug|Any CPU
		{1469F0EA-9BB5-46A1-B795-536E117CC25B}.Release|Any CPU.ActiveCfg = Release|Any CPU
		{1469F0EA-9BB5-46A1-B795-536E117CC25B}.Release|Any CPU.Build.0 = Release|Any CPU
	EndGlobalSection
	GlobalSection(SolutionProperties) = preSolution
		HideSolutionNode = FALSE
	EndGlobalSection
EndGlobal
